
Microsoft Visual Studio Solution File, Format Version 12.00
# Visual Studio Version 16
VisualStudioVersion = 16.0.31205.134
MinimumVisualStudioVersion = 10.0.40219.1
Project("{D2ABAB84-BF74-430A-B69E-9DC6D40DDA17}") = "NaszBankGwiazda_s15252", "NaszBankGwiazda_s15252.dwproj", "{C15E58F6-1C1F-4894-B31B-95AB24FF86E2}"
EndProject
Global
	GlobalSection(SolutionConfigurationPlatforms) = preSolution
		Development|Default = Development|Default
	EndGlobalSection
	GlobalSection(ProjectConfigurationPlatforms) = postSolution
		{C15E58F6-1C1F-4894-B31B-95AB24FF86E2}.Development|Default.ActiveCfg = Development
		{C15E58F6-1C1F-4894-B31B-95AB24FF86E2}.Development|Default.Build.0 = Development
		{C15E58F6-1C1F-4894-B31B-95AB24FF86E2}.Development|Default.Deploy.0 = Development
	EndGlobalSection
	GlobalSection(SolutionProperties) = preSolution
		HideSolutionNode = FALSE
	EndGlobalSection
	GlobalSection(ExtensibilityGlobals) = postSolution
		SolutionGuid = {491553BC-99A0-423A-AF99-850415ECD62E}
	EndGlobalSection
EndGlobal
